// !$*UTF8*$!
{
	archiveVersion = 1;
	classes = {
	};
	objectVersion = 56;
	objects = {

/* Begin PBXBuildFile section */
		D5B410E22A56937C00930B12 /* AdvancedSwiftUIApp.swift in Sources */ = {isa = PBXBuildFile; fileRef = D5B410E12A56937C00930B12 /* AdvancedSwiftUIApp.swift */; };
		D5B410E42A56937C00930B12 /* ContentView.swift in Sources */ = {isa = PBXBuildFile; fileRef = D5B410E32A56937C00930B12 /* ContentView.swift */; };
		D5B410E62A56937F00930B12 /* Assets.xcassets in Resources */ = {isa = PBXBuildFile; fileRef = D5B410E52A56937F00930B12 /* Assets.xcassets */; };
		D5B410E92A56937F00930B12 /* Preview Assets.xcassets in Resources */ = {isa = PBXBuildFile; fileRef = D5B410E82A56937F00930B12 /* Preview Assets.xcassets */; };
		D5B410EB2A56937F00930B12 /* Persistence.swift in Sources */ = {isa = PBXBuildFile; fileRef = D5B410EA2A56937F00930B12 /* Persistence.swift */; };
		D5B410EE2A56937F00930B12 /* AdvancedSwiftUI.xcdatamodeld in Sources */ = {isa = PBXBuildFile; fileRef = D5B410EC2A56937F00930B12 /* AdvancedSwiftUI.xcdatamodeld */; };
		D5B410F82A56941100930B12 /* VisualEffectBlur.swift in Sources */ = {isa = PBXBuildFile; fileRef = D5B410F62A56941100930B12 /* VisualEffectBlur.swift */; };
		D5B410F92A56941100930B12 /* ImagePicker.swift in Sources */ = {isa = PBXBuildFile; fileRef = D5B410F72A56941100930B12 /* ImagePicker.swift */; };
		D5B410FC2A5698F500930B12 /* Extentions.swift in Sources */ = {isa = PBXBuildFile; fileRef = D5B410FB2A5698F500930B12 /* Extentions.swift */; };
		D5B410FF2A5699E700930B12 /* GradientText.swift in Sources */ = {isa = PBXBuildFile; fileRef = D5B410FE2A5699E700930B12 /* GradientText.swift */; };
		D5B411012A569CBC00930B12 /* GradientButton.swift in Sources */ = {isa = PBXBuildFile; fileRef = D5B411002A569CBC00930B12 /* GradientButton.swift */; };
		D5B411032A569D8E00930B12 /* TextfieldIcon.swift in Sources */ = {isa = PBXBuildFile; fileRef = D5B411022A569D8E00930B12 /* TextfieldIcon.swift */; };
		D5B411052A56A6C900930B12 /* PasswordSecureField.swift in Sources */ = {isa = PBXBuildFile; fileRef = D5B411042A56A6C900930B12 /* PasswordSecureField.swift */; };
		D5B411082A56B52400930B12 /* FirebaseAuth in Frameworks */ = {isa = PBXBuildFile; productRef = D5B411072A56B52400930B12 /* FirebaseAuth */; };
		D5B4110A2A56B5D700930B12 /* GoogleService-Info.plist in Resources */ = {isa = PBXBuildFile; fileRef = D5B411092A56B5D700930B12 /* GoogleService-Info.plist */; };
		D5B4110D2A56C09B00930B12 /* AuthViewModel.swift in Sources */ = {isa = PBXBuildFile; fileRef = D5B4110C2A56C09B00930B12 /* AuthViewModel.swift */; };
		D5B411102A56CAE200930B12 /* ProfileView.swift in Sources */ = {isa = PBXBuildFile; fileRef = D5B4110F2A56CAE200930B12 /* ProfileView.swift */; };
		D5B411122A56CDAE00930B12 /* SignUPView.swift in Sources */ = {isa = PBXBuildFile; fileRef = D5B411112A56CDAE00930B12 /* SignUPView.swift */; };
		D5B411142A56D4E500930B12 /* SignInWithAppleButton.swift in Sources */ = {isa = PBXBuildFile; fileRef = D5B411132A56D4E500930B12 /* SignInWithAppleButton.swift */; };
		D5B411172A56D62600930B12 /* SignInWithAppleObject.swift in Sources */ = {isa = PBXBuildFile; fileRef = D5B411162A56D62600930B12 /* SignInWithAppleObject.swift */; };
/* End PBXBuildFile section */

/* Begin PBXFileReference section */
		D5B410DE2A56937C00930B12 /* AdvancedSwiftUI.app */ = {isa = PBXFileReference; explicitFileType = wrapper.application; includeInIndex = 0; path = AdvancedSwiftUI.app; sourceTree = BUILT_PRODUCTS_DIR; };
		D5B410E12A56937C00930B12 /* AdvancedSwiftUIApp.swift */ = {isa = PBXFileReference; lastKnownFileType = sourcecode.swift; path = AdvancedSwiftUIApp.swift; sourceTree = "<group>"; };
		D5B410E32A56937C00930B12 /* ContentView.swift */ = {isa = PBXFileReference; lastKnownFileType = sourcecode.swift; path = ContentView.swift; sourceTree = "<group>"; };
		D5B410E52A56937F00930B12 /* Assets.xcassets */ = {isa = PBXFileReference; lastKnownFileType = folder.assetcatalog; path = Assets.xcassets; sourceTree = "<group>"; };
		D5B410E82A56937F00930B12 /* Preview Assets.xcassets */ = {isa = PBXFileReference; lastKnownFileType = folder.assetcatalog; path = "Preview Assets.xcassets"; sourceTree = "<group>"; };
		D5B410EA2A56937F00930B12 /* Persistence.swift */ = {isa = PBXFileReference; lastKnownFileType = sourcecode.swift; path = Persistence.swift; sourceTree = "<group>"; };
		D5B410ED2A56937F00930B12 /* AdvancedSwiftUI.xcdatamodel */ = {isa = PBXFileReference; lastKnownFileType = wrapper.xcdatamodel; path = AdvancedSwiftUI.xcdatamodel; sourceTree = "<group>"; };
		D5B410EF2A56937F00930B12 /* Info.plist */ = {isa = PBXFileReference; lastKnownFileType = text.plist.xml; path = Info.plist; sourceTree = "<group>"; };
		D5B410F62A56941100930B12 /* VisualEffectBlur.swift */ = {isa = PBXFileReference; fileEncoding = 4; lastKnownFileType = sourcecode.swift; path = VisualEffectBlur.swift; sourceTree = "<group>"; };
		D5B410F72A56941100930B12 /* ImagePicker.swift */ = {isa = PBXFileReference; fileEncoding = 4; lastKnownFileType = sourcecode.swift; path = ImagePicker.swift; sourceTree = "<group>"; };
		D5B410FB2A5698F500930B12 /* Extentions.swift */ = {isa = PBXFileReference; lastKnownFileType = sourcecode.swift; path = Extentions.swift; sourceTree = "<group>"; };
		D5B410FE2A5699E700930B12 /* GradientText.swift */ = {isa = PBXFileReference; lastKnownFileType = sourcecode.swift; path = GradientText.swift; sourceTree = "<group>"; };
		D5B411002A569CBC00930B12 /* GradientButton.swift */ = {isa = PBXFileReference; lastKnownFileType = sourcecode.swift; path = GradientButton.swift; sourceTree = "<group>"; };
		D5B411022A569D8E00930B12 /* TextfieldIcon.swift */ = {isa = PBXFileReference; lastKnownFileType = sourcecode.swift; path = TextfieldIcon.swift; sourceTree = "<group>"; };
		D5B411042A56A6C900930B12 /* PasswordSecureField.swift */ = {isa = PBXFileReference; lastKnownFileType = sourcecode.swift; path = PasswordSecureField.swift; sourceTree = "<group>"; };
		D5B411092A56B5D700930B12 /* GoogleService-Info.plist */ = {isa = PBXFileReference; fileEncoding = 4; lastKnownFileType = text.plist.xml; path = "GoogleService-Info.plist"; sourceTree = "<group>"; };
		D5B4110C2A56C09B00930B12 /* AuthViewModel.swift */ = {isa = PBXFileReference; lastKnownFileType = sourcecode.swift; path = AuthViewModel.swift; sourceTree = "<group>"; };
		D5B4110F2A56CAE200930B12 /* ProfileView.swift */ = {isa = PBXFileReference; lastKnownFileType = sourcecode.swift; path = ProfileView.swift; sourceTree = "<group>"; };
		D5B411112A56CDAE00930B12 /* SignUPView.swift */ = {isa = PBXFileReference; lastKnownFileType = sourcecode.swift; path = SignUPView.swift; sourceTree = "<group>"; };
		D5B411132A56D4E500930B12 /* SignInWithAppleButton.swift */ = {isa = PBXFileReference; lastKnownFileType = sourcecode.swift; path = SignInWithAppleButton.swift; sourceTree = "<group>"; };
		D5B411152A56D5EC00930B12 /* AdvancedSwiftUI.entitlements */ = {isa = PBXFileReference; lastKnownFileType = text.plist.entitlements; path = AdvancedSwiftUI.entitlements; sourceTree = "<group>"; };
		D5B411162A56D62600930B12 /* SignInWithAppleObject.swift */ = {isa = PBXFileReference; lastKnownFileType = sourcecode.swift; path = SignInWithAppleObject.swift; sourceTree = "<group>"; };
/* End PBXFileReference section */

/* Begin PBXFrameworksBuildPhase section */
		D5B410DB2A56937C00930B12 /* Frameworks */ = {
			isa = PBXFrameworksBuildPhase;
			buildActionMask = 2147483647;
			files = (
				D5B411082A56B52400930B12 /* FirebaseAuth in Frameworks */,
			);
			runOnlyForDeploymentPostprocessing = 0;
		};
/* End PBXFrameworksBuildPhase section */

/* Begin PBXGroup section */
		D5B410D52A56937C00930B12 = {
			isa = PBXGroup;
			children = (
				D5B410E02A56937C00930B12 /* AdvancedSwiftUI */,
				D5B410DF2A56937C00930B12 /* Products */,
			);
			sourceTree = "<group>";
		};
		D5B410DF2A56937C00930B12 /* Products */ = {
			isa = PBXGroup;
			children = (
				D5B410DE2A56937C00930B12 /* AdvancedSwiftUI.app */,
			);
			name = Products;
			sourceTree = "<group>";
		};
		D5B410E02A56937C00930B12 /* AdvancedSwiftUI */ = {
			isa = PBXGroup;
			children = (
				D5B411152A56D5EC00930B12 /* AdvancedSwiftUI.entitlements */,
				D5B4110E2A56CAD400930B12 /* View */,
				D5B4110B2A56C07800930B12 /* ViewModel */,
				D5B410FD2A5699D400930B12 /* Components */,
				D5B410FA2A5698DD00930B12 /* Utils */,
				D5B410F52A56940100930B12 /* Helpers */,
				D5B410E12A56937C00930B12 /* AdvancedSwiftUIApp.swift */,
				D5B410E32A56937C00930B12 /* ContentView.swift */,
				D5B410E52A56937F00930B12 /* Assets.xcassets */,
				D5B410EA2A56937F00930B12 /* Persistence.swift */,
				D5B410EF2A56937F00930B12 /* Info.plist */,
				D5B411092A56B5D700930B12 /* GoogleService-Info.plist */,
				D5B410EC2A56937F00930B12 /* AdvancedSwiftUI.xcdatamodeld */,
				D5B410E72A56937F00930B12 /* Preview Content */,
			);
			path = AdvancedSwiftUI;
			sourceTree = "<group>";
		};
		D5B410E72A56937F00930B12 /* Preview Content */ = {
			isa = PBXGroup;
			children = (
				D5B410E82A56937F00930B12 /* Preview Assets.xcassets */,
			);
			path = "Preview Content";
			sourceTree = "<group>";
		};
		D5B410F52A56940100930B12 /* Helpers */ = {
			isa = PBXGroup;
			children = (
				D5B410F72A56941100930B12 /* ImagePicker.swift */,
				D5B410F62A56941100930B12 /* VisualEffectBlur.swift */,
			);
			path = Helpers;
			sourceTree = "<group>";
		};
		D5B410FA2A5698DD00930B12 /* Utils */ = {
			isa = PBXGroup;
			children = (
				D5B410FB2A5698F500930B12 /* Extentions.swift */,
				D5B411162A56D62600930B12 /* SignInWithAppleObject.swift */,
			);
			path = Utils;
			sourceTree = "<group>";
		};
		D5B410FD2A5699D400930B12 /* Components */ = {
			isa = PBXGroup;
			children = (
				D5B410FE2A5699E700930B12 /* GradientText.swift */,
				D5B411002A569CBC00930B12 /* GradientButton.swift */,
				D5B411022A569D8E00930B12 /* TextfieldIcon.swift */,
				D5B411042A56A6C900930B12 /* PasswordSecureField.swift */,
				D5B411132A56D4E500930B12 /* SignInWithAppleButton.swift */,
			);
			path = Components;
			sourceTree = "<group>";
		};
		D5B4110B2A56C07800930B12 /* ViewModel */ = {
			isa = PBXGroup;
			children = (
				D5B4110C2A56C09B00930B12 /* AuthViewModel.swift */,
			);
			path = ViewModel;
			sourceTree = "<group>";
		};
		D5B4110E2A56CAD400930B12 /* View */ = {
			isa = PBXGroup;
			children = (
				D5B4110F2A56CAE200930B12 /* ProfileView.swift */,
				D5B411112A56CDAE00930B12 /* SignUPView.swift */,
			);
			path = View;
			sourceTree = "<group>";
		};
/* End PBXGroup section */

/* Begin PBXNativeTarget section */
		D5B410DD2A56937C00930B12 /* AdvancedSwiftUI */ = {
			isa = PBXNativeTarget;
			buildConfigurationList = D5B410F22A56937F00930B12 /* Build configuration list for PBXNativeTarget "AdvancedSwiftUI" */;
			buildPhases = (
				D5B410DA2A56937C00930B12 /* Sources */,
				D5B410DB2A56937C00930B12 /* Frameworks */,
				D5B410DC2A56937C00930B12 /* Resources */,
			);
			buildRules = (
			);
			dependencies = (
			);
			name = AdvancedSwiftUI;
			packageProductDependencies = (
				D5B411072A56B52400930B12 /* FirebaseAuth */,
			);
			productName = AdvancedSwiftUI;
			productReference = D5B410DE2A56937C00930B12 /* AdvancedSwiftUI.app */;
			productType = "com.apple.product-type.application";
		};
/* End PBXNativeTarget section */

/* Begin PBXProject section */
		D5B410D62A56937C00930B12 /* Project object */ = {
			isa = PBXProject;
			attributes = {
				BuildIndependentTargetsInParallel = 1;
				LastSwiftUpdateCheck = 1430;
				LastUpgradeCheck = 1430;
				TargetAttributes = {
					D5B410DD2A56937C00930B12 = {
						CreatedOnToolsVersion = 14.3.1;
					};
				};
			};
			buildConfigurationList = D5B410D92A56937C00930B12 /* Build configuration list for PBXProject "AdvancedSwiftUI" */;
			compatibilityVersion = "Xcode 14.0";
			developmentRegion = en;
			hasScannedForEncodings = 0;
			knownRegions = (
				en,
				Base,
			);
			mainGroup = D5B410D52A56937C00930B12;
			packageReferences = (
				D5B411062A56B52400930B12 /* XCRemoteSwiftPackageReference "firebase-ios-sdk" */,
			);
			productRefGroup = D5B410DF2A56937C00930B12 /* Products */;
			projectDirPath = "";
			projectRoot = "";
			targets = (
				D5B410DD2A56937C00930B12 /* AdvancedSwiftUI */,
			);
		};
/* End PBXProject section */

/* Begin PBXResourcesBuildPhase section */
		D5B410DC2A56937C00930B12 /* Resources */ = {
			isa = PBXResourcesBuildPhase;
			buildActionMask = 2147483647;
			files = (
				D5B410E92A56937F00930B12 /* Preview Assets.xcassets in Resources */,
				D5B410E62A56937F00930B12 /* Assets.xcassets in Resources */,
				D5B4110A2A56B5D700930B12 /* GoogleService-Info.plist in Resources */,
			);
			runOnlyForDeploymentPostprocessing = 0;
		};
/* End PBXResourcesBuildPhase section */

/* Begin PBXSourcesBuildPhase section */
		D5B410DA2A56937C00930B12 /* Sources */ = {
			isa = PBXSourcesBuildPhase;
			buildActionMask = 2147483647;
			files = (
				D5B410FF2A5699E700930B12 /* GradientText.swift in Sources */,
				D5B411102A56CAE200930B12 /* ProfileView.swift in Sources */,
				D5B410F82A56941100930B12 /* VisualEffectBlur.swift in Sources */,
				D5B411172A56D62600930B12 /* SignInWithAppleObject.swift in Sources */,
				D5B410EB2A56937F00930B12 /* Persistence.swift in Sources */,
				D5B410EE2A56937F00930B12 /* AdvancedSwiftUI.xcdatamodeld in Sources */,
				D5B411012A569CBC00930B12 /* GradientButton.swift in Sources */,
				D5B410F92A56941100930B12 /* ImagePicker.swift in Sources */,
				D5B410E42A56937C00930B12 /* ContentView.swift in Sources */,
				D5B410E22A56937C00930B12 /* AdvancedSwiftUIApp.swift in Sources */,
				D5B4110D2A56C09B00930B12 /* AuthViewModel.swift in Sources */,
				D5B411142A56D4E500930B12 /* SignInWithAppleButton.swift in Sources */,
				D5B411052A56A6C900930B12 /* PasswordSecureField.swift in Sources */,
				D5B411032A569D8E00930B12 /* TextfieldIcon.swift in Sources */,
				D5B411122A56CDAE00930B12 /* SignUPView.swift in Sources */,
				D5B410FC2A5698F500930B12 /* Extentions.swift in Sources */,
			);
			runOnlyForDeploymentPostprocessing = 0;
		};
/* End PBXSourcesBuildPhase section */

/* Begin XCBuildConfiguration section */
		D5B410F02A56937F00930B12 /* Debug */ = {
			isa = XCBuildConfiguration;
			buildSettings = {
				ALWAYS_SEARCH_USER_PATHS = NO;
				CLANG_ANALYZER_NONNULL = YES;
				CLANG_ANALYZER_NUMBER_OBJECT_CONVERSION = YES_AGGRESSIVE;
				CLANG_CXX_LANGUAGE_STANDARD = "gnu++20";
				CLANG_ENABLE_MODULES = YES;
				CLANG_ENABLE_OBJC_ARC = YES;
				CLANG_ENABLE_OBJC_WEAK = YES;
				CLANG_WARN_BLOCK_CAPTURE_AUTORELEASING = YES;
				CLANG_WARN_BOOL_CONVERSION = YES;
				CLANG_WARN_COMMA = YES;
				CLANG_WARN_CONSTANT_CONVERSION = YES;
				CLANG_WARN_DEPRECATED_OBJC_IMPLEMENTATIONS = YES;
				CLANG_WARN_DIRECT_OBJC_ISA_USAGE = YES_ERROR;
				CLANG_WARN_DOCUMENTATION_COMMENTS = YES;
				CLANG_WARN_EMPTY_BODY = YES;
				CLANG_WARN_ENUM_CONVERSION = YES;
				CLANG_WARN_INFINITE_RECURSION = YES;
				CLANG_WARN_INT_CONVERSION = YES;
				CLANG_WARN_NON_LITERAL_NULL_CONVERSION = YES;
				CLANG_WARN_OBJC_IMPLICIT_RETAIN_SELF = YES;
				CLANG_WARN_OBJC_LITERAL_CONVERSION = YES;
				CLANG_WARN_OBJC_ROOT_CLASS = YES_ERROR;
				CLANG_WARN_QUOTED_INCLUDE_IN_FRAMEWORK_HEADER = YES;
				CLANG_WARN_RANGE_LOOP_ANALYSIS = YES;
				CLANG_WARN_STRICT_PROTOTYPES = YES;
				CLANG_WARN_SUSPICIOUS_MOVE = YES;
				CLANG_WARN_UNGUARDED_AVAILABILITY = YES_AGGRESSIVE;
				CLANG_WARN_UNREACHABLE_CODE = YES;
				CLANG_WARN__DUPLICATE_METHOD_MATCH = YES;
				COPY_PHASE_STRIP = NO;
				DEBUG_INFORMATION_FORMAT = dwarf;
				ENABLE_STRICT_OBJC_MSGSEND = YES;
				ENABLE_TESTABILITY = YES;
				GCC_C_LANGUAGE_STANDARD = gnu11;
				GCC_DYNAMIC_NO_PIC = NO;
				GCC_NO_COMMON_BLOCKS = YES;
				GCC_OPTIMIZATION_LEVEL = 0;
				GCC_PREPROCESSOR_DEFINITIONS = (
					"DEBUG=1",
					"$(inherited)",
				);
				GCC_WARN_64_TO_32_BIT_CONVERSION = YES;
				GCC_WARN_ABOUT_RETURN_TYPE = YES_ERROR;
				GCC_WARN_UNDECLARED_SELECTOR = YES;
				GCC_WARN_UNINITIALIZED_AUTOS = YES_AGGRESSIVE;
				GCC_WARN_UNUSED_FUNCTION = YES;
				GCC_WARN_UNUSED_VARIABLE = YES;
				IPHONEOS_DEPLOYMENT_TARGET = 16.4;
				MTL_ENABLE_DEBUG_INFO = INCLUDE_SOURCE;
				MTL_FAST_MATH = YES;
				ONLY_ACTIVE_ARCH = YES;
				SDKROOT = iphoneos;
				SWIFT_ACTIVE_COMPILATION_CONDITIONS = DEBUG;
				SWIFT_OPTIMIZATION_LEVEL = "-Onone";
			};
			name = Debug;
		};
		D5B410F12A56937F00930B12 /* Release */ = {
			isa = XCBuildConfiguration;
			buildSettings = {
				ALWAYS_SEARCH_USER_PATHS = NO;
				CLANG_ANALYZER_NONNULL = YES;
				CLANG_ANALYZER_NUMBER_OBJECT_CONVERSION = YES_AGGRESSIVE;
				CLANG_CXX_LANGUAGE_STANDARD = "gnu++20";
				CLANG_ENABLE_MODULES = YES;
				CLANG_ENABLE_OBJC_ARC = YES;
				CLANG_ENABLE_OBJC_WEAK = YES;
				CLANG_WARN_BLOCK_CAPTURE_AUTORELEASING = YES;
				CLANG_WARN_BOOL_CONVERSION = YES;
				CLANG_WARN_COMMA = YES;
				CLANG_WARN_CONSTANT_CONVERSION = YES;
				CLANG_WARN_DEPRECATED_OBJC_IMPLEMENTATIONS = YES;
				CLANG_WARN_DIRECT_OBJC_ISA_USAGE = YES_ERROR;
				CLANG_WARN_DOCUMENTATION_COMMENTS = YES;
				CLANG_WARN_EMPTY_BODY = YES;
				CLANG_WARN_ENUM_CONVERSION = YES;
				CLANG_WARN_INFINITE_RECURSION = YES;
				CLANG_WARN_INT_CONVERSION = YES;
				CLANG_WARN_NON_LITERAL_NULL_CONVERSION = YES;
				CLANG_WARN_OBJC_IMPLICIT_RETAIN_SELF = YES;
				CLANG_WARN_OBJC_LITERAL_CONVERSION = YES;
				CLANG_WARN_OBJC_ROOT_CLASS = YES_ERROR;
				CLANG_WARN_QUOTED_INCLUDE_IN_FRAMEWORK_HEADER = YES;
				CLANG_WARN_RANGE_LOOP_ANALYSIS = YES;
				CLANG_WARN_STRICT_PROTOTYPES = YES;
				CLANG_WARN_SUSPICIOUS_MOVE = YES;
				CLANG_WARN_UNGUARDED_AVAILABILITY = YES_AGGRESSIVE;
				CLANG_WARN_UNREACHABLE_CODE = YES;
				CLANG_WARN__DUPLICATE_METHOD_MATCH = YES;
				COPY_PHASE_STRIP = NO;
				DEBUG_INFORMATION_FORMAT = "dwarf-with-dsym";
				ENABLE_NS_ASSERTIONS = NO;
				ENABLE_STRICT_OBJC_MSGSEND = YES;
				GCC_C_LANGUAGE_STANDARD = gnu11;
				GCC_NO_COMMON_BLOCKS = YES;
				GCC_WARN_64_TO_32_BIT_CONVERSION = YES;
				GCC_WARN_ABOUT_RETURN_TYPE = YES_ERROR;
				GCC_WARN_UNDECLARED_SELECTOR = YES;
				GCC_WARN_UNINITIALIZED_AUTOS = YES_AGGRESSIVE;
				GCC_WARN_UNUSED_FUNCTION = YES;
				GCC_WARN_UNUSED_VARIABLE = YES;
				IPHONEOS_DEPLOYMENT_TARGET = 16.4;
				MTL_ENABLE_DEBUG_INFO = NO;
				MTL_FAST_MATH = YES;
				SDKROOT = iphoneos;
				SWIFT_COMPILATION_MODE = wholemodule;
				SWIFT_OPTIMIZATION_LEVEL = "-O";
				VALIDATE_PRODUCT = YES;
			};
			name = Release;
		};
		D5B410F32A56937F00930B12 /* Debug */ = {
			isa = XCBuildConfiguration;
			buildSettings = {
				ASSETCATALOG_COMPILER_APPICON_NAME = AppIcon;
				ASSETCATALOG_COMPILER_GLOBAL_ACCENT_COLOR_NAME = AccentColor;
				CODE_SIGN_ENTITLEMENTS = AdvancedSwiftUI/AdvancedSwiftUI.entitlements;
				CODE_SIGN_STYLE = Automatic;
				CURRENT_PROJECT_VERSION = 1;
				DEVELOPMENT_ASSET_PATHS = "\"AdvancedSwiftUI/Preview Content\"";
				DEVELOPMENT_TEAM = 3L4D8Z5WYW;
				ENABLE_PREVIEWS = YES;
				GENERATE_INFOPLIST_FILE = YES;
				INFOPLIST_KEY_UIApplicationSceneManifest_Generation = YES;
				INFOPLIST_KEY_UIApplicationSupportsIndirectInputEvents = YES;
				INFOPLIST_KEY_UILaunchScreen_Generation = YES;
				INFOPLIST_KEY_UISupportedInterfaceOrientations_iPad = "UIInterfaceOrientationPortrait UIInterfaceOrientationPortraitUpsideDown UIInterfaceOrientationLandscapeLeft UIInterfaceOrientationLandscapeRight";
				INFOPLIST_KEY_UISupportedInterfaceOrientations_iPhone = "UIInterfaceOrientationPortrait UIInterfaceOrientationLandscapeLeft UIInterfaceOrientationLandscapeRight";
				LD_RUNPATH_SEARCH_PATHS = (
					"$(inherited)",
					"@executable_path/Frameworks",
				);
				MARKETING_VERSION = 1.0;
				PRODUCT_BUNDLE_IDENTIFIER = app.hardibsalih.AdvancedSwiftUI;
				PRODUCT_NAME = "$(TARGET_NAME)";
				SWIFT_EMIT_LOC_STRINGS = YES;
				SWIFT_VERSION = 5.0;
				TARGETED_DEVICE_FAMILY = "1,2";
			};
			name = Debug;
		};
		D5B410F42A56937F00930B12 /* Release */ = {
			isa = XCBuildConfiguration;
			buildSettings = {
				ASSETCATALOG_COMPILER_APPICON_NAME = AppIcon;
				ASSETCATALOG_COMPILER_GLOBAL_ACCENT_COLOR_NAME = AccentColor;
				CODE_SIGN_ENTITLEMENTS = AdvancedSwiftUI/AdvancedSwiftUI.entitlements;
				CODE_SIGN_STYLE = Automatic;
				CURRENT_PROJECT_VERSION = 1;
				DEVELOPMENT_ASSET_PATHS = "\"AdvancedSwiftUI/Preview Content\"";
				DEVELOPMENT_TEAM = 3L4D8Z5WYW;
				ENABLE_PREVIEWS = YES;
				GENERATE_INFOPLIST_FILE = YES;
				INFOPLIST_KEY_UIApplicationSceneManifest_Generation = YES;
				INFOPLIST_KEY_UIApplicationSupportsIndirectInputEvents = YES;
				INFOPLIST_KEY_UILaunchScreen_Generation = YES;
				INFOPLIST_KEY_UISupportedInterfaceOrientations_iPad = "UIInterfaceOrientationPortrait UIInterfaceOrientationPortraitUpsideDown UIInterfaceOrientationLandscapeLeft UIInterfaceOrientationLandscapeRight";
				INFOPLIST_KEY_UISupportedInterfaceOrientations_iPhone = "UIInterfaceOrientationPortrait UIInterfaceOrientationLandscapeLeft UIInterfaceOrientationLandscapeRight";
				LD_RUNPATH_SEARCH_PATHS = (
					"$(inherited)",
					"@executable_path/Frameworks",
				);
				MARKETING_VERSION = 1.0;
				PRODUCT_BUNDLE_IDENTIFIER = app.hardibsalih.AdvancedSwiftUI;
				PRODUCT_NAME = "$(TARGET_NAME)";
				SWIFT_EMIT_LOC_STRINGS = YES;
				SWIFT_VERSION = 5.0;
				TARGETED_DEVICE_FAMILY = "1,2";
			};
			name = Release;
		};
/* End XCBuildConfiguration section */

/* Begin XCConfigurationList section */
		D5B410D92A56937C00930B12 /* Build configuration list for PBXProject "AdvancedSwiftUI" */ = {
			isa = XCConfigurationList;
			buildConfigurations = (
				D5B410F02A56937F00930B12 /* Debug */,
				D5B410F12A56937F00930B12 /* Release */,
			);
			defaultConfigurationIsVisible = 0;
			defaultConfigurationName = Release;
		};
		D5B410F22A56937F00930B12 /* Build configuration list for PBXNativeTarget "AdvancedSwiftUI" */ = {
			isa = XCConfigurationList;
			buildConfigurations = (
				D5B410F32A56937F00930B12 /* Debug */,
				D5B410F42A56937F00930B12 /* Release */,
			);
			defaultConfigurationIsVisible = 0;
			defaultConfigurationName = Release;
		};
/* End XCConfigurationList section */

/* Begin XCRemoteSwiftPackageReference section */
		D5B411062A56B52400930B12 /* XCRemoteSwiftPackageReference "firebase-ios-sdk" */ = {
			isa = XCRemoteSwiftPackageReference;
			repositoryURL = "https://github.com/firebase/firebase-ios-sdk";
			requirement = {
				kind = upToNextMajorVersion;
				minimumVersion = 10.0.0;
			};
		};
/* End XCRemoteSwiftPackageReference section */

/* Begin XCSwiftPackageProductDependency section */
		D5B411072A56B52400930B12 /* FirebaseAuth */ = {
			isa = XCSwiftPackageProductDependency;
			package = D5B411062A56B52400930B12 /* XCRemoteSwiftPackageReference "firebase-ios-sdk" */;
			productName = FirebaseAuth;
		};
/* End XCSwiftPackageProductDependency section */

/* Begin XCVersionGroup section */
		D5B410EC2A56937F00930B12 /* AdvancedSwiftUI.xcdatamodeld */ = {
			isa = XCVersionGroup;
			children = (
				D5B410ED2A56937F00930B12 /* AdvancedSwiftUI.xcdatamodel */,
			);
			currentVersion = D5B410ED2A56937F00930B12 /* AdvancedSwiftUI.xcdatamodel */;
			path = AdvancedSwiftUI.xcdatamodeld;
			sourceTree = "<group>";
			versionGroupType = wrapper.xcdatamodel;
		};
/* End XCVersionGroup section */
	};
	rootObject = D5B410D62A56937C00930B12 /* Project object */;
}
